
Microsoft Visual Studio Solution File, Format Version 12.00
# Visual Studio Version 16
VisualStudioVersion = 16.0.32002.261
MinimumVisualStudioVersion = 10.0.40219.1
Project("{FAE04EC0-301F-11D3-BF4B-00C04F79EFBC}") = "DiscordRPCMakerGUI", "DiscordRPCMakerGUI\DiscordRPCMakerGUI.csproj", "{E492BD27-5FCC-401F-89F5-FDEEA842AD5A}"
EndProject
Global
	GlobalSection(SolutionConfigurationPlatforms) = preSolution
		Debug|Any CPU = Debug|Any CPU
		Release|Any CPU = Release|Any CPU
	EndGlobalSection
	GlobalSection(ProjectConfigurationPlatforms) = postSolution
		{E492BD27-5FCC-401F-89F5-FDEEA842AD5A}.Debug|Any CPU.ActiveCfg = Debug|Any CPU
		{E492BD27-5FCC-401F-89F5-FDEEA842AD5A}.Debug|Any CPU.Build.0 = Debug|Any CPU
		{E492BD27-5FCC-401F-89F5-FDEEA842AD5A}.Release|Any CPU.ActiveCfg = Release|Any CPU
		{E492BD27-5FCC-401F-89F5-FDEEA842AD5A}.Release|Any CPU.Build.0 = Release|Any CPU
	EndGlobalSection
	GlobalSection(SolutionProperties) = preSolution
		HideSolutionNode = FALSE
	EndGlobalSection
	GlobalSection(ExtensibilityGlobals) = postSolution
		SolutionGuid = {5A85BF49-F01E-4B9A-B419-F0CEA7AF78A7}
	EndGlobalSection
EndGlobal
